<?xml version="1.0" encoding="utf-8"?>
<Project ToolsVersion="4.0" xmlns="http://schemas.microsoft.com/developer/msbuild/2003">
  <ItemGroup>
    <Filter Include="Source Files">
      <UniqueIdentifier>{4FC737F1-C7A5-4376-A066-2A32D752A2FF}</UniqueIdentifier>
      <Extensions>cpp;c;cc;cxx;c++;cppm;ixx;def;odl;idl;hpj;bat;asm;asmx</Extensions>
    </Filter>
    <Filter Include="Header Files">
      <UniqueIdentifier>{93995380-89BD-4b04-88EB-625FBE52EBFB}</UniqueIdentifier>
      <Extensions>h;hh;hpp;hxx;h++;hm;inl;inc;ipp;xsd</Extensions>
    </Filter>
    <Filter Include="Resource Files">
      <UniqueIdentifier>{67DA6AB6-F800-4c08-8B7A-83BB121AAD01}</UniqueIdentifier>
      <Extensions>rc;ico;cur;bmp;dlg;rc2;rct;bin;rgs;gif;jpg;jpeg;jpe;resx;tiff;tif;png;wav;mfcribbon-ms</Extensions>
    </Filter>
    <Filter Include="Header Files\linear">
      <UniqueIdentifier>{aee6a949-de8f-41c6-90be-11d639202808}</UniqueIdentifier>
    </Filter>
    <Filter Include="Header Files\linear\details">
      <UniqueIdentifier>{73e1ce45-46f5-4fc1-9ff6-c5a7277b56ac}</UniqueIdentifier>
    </Filter>
    <Filter Include="Source Files\linear">
      <UniqueIdentifier>{18b8fd19-9227-4e6f-8c23-4e507d0cd6ae}</UniqueIdentifier>
    </Filter>
    <Filter Include="Source Files\linear\details">
      <UniqueIdentifier>{7e43746e-2276-42bf-8d1e-b7a1f3c463b5}</UniqueIdentifier>
    </Filter>
    <Filter Include="Header Files\alloc">
      <UniqueIdentifier>{0e9c494d-0737-458f-abc7-68e7e56274ad}</UniqueIdentifier>
    </Filter>
    <Filter Include="Header Files\alloc\standard_library">
      <UniqueIdentifier>{da8f3186-5021-4bf5-8eb3-fb6bf90e3225}</UniqueIdentifier>
    </Filter>
    <Filter Include="Header Files\alloc\system_paging">
      <UniqueIdentifier>{2939189b-05af-4183-9d80-f5c8c6aead7e}</UniqueIdentifier>
    </Filter>
    <Filter Include="Header Files\alloc\details">
      <UniqueIdentifier>{2b065877-9c41-4777-8e1b-b19d83051a45}</UniqueIdentifier>
    </Filter>
    <Filter Include="Header Files\alloc\details\system_paging">
      <UniqueIdentifier>{db687ce0-8132-4c06-9eee-fad7f047df80}</UniqueIdentifier>
    </Filter>
    <Filter Include="Header Files\alloc\details\standard_library">
      <UniqueIdentifier>{8c051932-7257-43ef-8650-136d594f11da}</UniqueIdentifier>
    </Filter>
    <Filter Include="Source Files\alloc">
      <UniqueIdentifier>{c6505af0-6797-4176-b55b-3ef854a2483a}</UniqueIdentifier>
    </Filter>
    <Filter Include="Source Files\alloc\details">
      <UniqueIdentifier>{e0291f93-8f62-4577-9058-54dfbc249e6b}</UniqueIdentifier>
    </Filter>
    <Filter Include="Source Files\alloc\details\system_paging">
      <UniqueIdentifier>{51b7fd1c-fea0-46b0-a3d6-65e7a2d20fc6}</UniqueIdentifier>
    </Filter>
    <Filter Include="Source Files\alloc\system_paging">
      <UniqueIdentifier>{788306c9-56bc-4ee3-b136-a9a4a057df87}</UniqueIdentifier>
    </Filter>
    <Filter Include="Source Files\alloc\details\standard_heap">
      <UniqueIdentifier>{38d6df66-793d-45aa-9326-7eded75adecd}</UniqueIdentifier>
    </Filter>
    <Filter Include="Source Files\alloc\standard_library">
      <UniqueIdentifier>{eb7d35b2-110b-4488-ba43-97de1f2831d0}</UniqueIdentifier>
    </Filter>
  </ItemGroup>
  <ItemGroup>
    <ClInclude Include="..\..\..\include\io_system\memory\linear\linear.h">
      <Filter>Header Files\linear</Filter>
    </ClInclude>
    <ClInclude Include="..\..\..\include\io_system\memory\base_model.h">
      <Filter>Header Files</Filter>
    </ClInclude>
    <ClInclude Include="..\..\..\include\io_system\memory\linear\details\iosys_memory_linear.h">
      <Filter>Header Files\linear\details</Filter>
    </ClInclude>
    <ClInclude Include="..\..\..\include\io_system\memory\alloc\standard_library\standard_heap.h">
      <Filter>Header Files\alloc\standard_library</Filter>
    </ClInclude>
    <ClInclude Include="..\..\..\include\io_system\memory\alloc\alloc_model.h">
      <Filter>Header Files\alloc</Filter>
    </ClInclude>
    <ClInclude Include="..\..\..\include\io_system\memory\linear\details\iosys_memory_linear_manip.h">
      <Filter>Header Files\linear\details</Filter>
    </ClInclude>
    <ClInclude Include="..\..\..\include\io_system\memory\linear\details\iosys_memory_linear_alloc.h">
      <Filter>Header Files\linear\details</Filter>
    </ClInclude>
    <ClInclude Include="..\..\..\include\io_system\memory\alloc\system_paging\system_paging.h">
      <Filter>Header Files\alloc\system_paging</Filter>
    </ClInclude>
    <ClInclude Include="..\..\..\include\io_system\memory\alloc\details\system_paging\iosys_memory_system_paging.h">
      <Filter>Header Files\alloc\details\system_paging</Filter>
    </ClInclude>
    <ClInclude Include="..\..\..\include\io_system\memory\alloc\system_paging\system_paging_type.h">
      <Filter>Header Files\alloc\system_paging</Filter>
    </ClInclude>
    <ClInclude Include="..\..\..\include\io_system\memory\continuous_model.h">
      <Filter>Header Files</Filter>
    </ClInclude>
    <ClInclude Include="..\..\..\include\io_system\memory\uncontinuous_model.h">
      <Filter>Header Files</Filter>
    </ClInclude>
    <ClInclude Include="..\..\..\include\io_system\memory\alloc\standard_library\standard_aligned_heap.h">
      <Filter>Header Files\alloc\standard_library</Filter>
    </ClInclude>
    <ClInclude Include="..\..\..\include\io_system\memory\alloc\details\standard_library\iosys_memory_standard_heap.h">
      <Filter>Header Files\alloc\details\standard_library</Filter>
    </ClInclude>
    <ClInclude Include="..\..\..\include\io_system\memory\alloc\details\standard_library\iosys_memory_standard_aligned_heap.h">
      <Filter>Header Files\alloc\details\standard_library</Filter>
    </ClInclude>
  </ItemGroup>
  <ItemGroup>
    <ClCompile Include="..\..\..\source\c\memory\linear\details\iosys_memory_linear.c">
      <Filter>Source Files\linear\details</Filter>
    </ClCompile>
    <ClCompile Include="..\..\..\source\c\memory\linear\details\iosys_memory_linear_manip.c">
      <Filter>Source Files\linear\details</Filter>
    </ClCompile>
    <ClCompile Include="..\..\..\source\c\memory\linear\details\iosys_memory_linear_alloc.c">
      <Filter>Source Files\linear\details</Filter>
    </ClCompile>
    <ClCompile Include="..\..\..\source\c\memory\linear\linear.c">
      <Filter>Source Files\linear</Filter>
    </ClCompile>
    <ClCompile Include="..\..\..\source\c\memory\alloc\details\system_paging\iosys_memory_system_paging.c">
      <Filter>Source Files\alloc\details\system_paging</Filter>
    </ClCompile>
    <ClCompile Include="..\..\..\source\c\memory\alloc\system_paging\system_paging.c">
      <Filter>Source Files\alloc\system_paging</Filter>
    </ClCompile>
    <ClCompile Include="..\..\..\source\c\memory\alloc\details\standard_heap\iosys_standard_aligned_heap.c">
      <Filter>Source Files\alloc\details\standard_heap</Filter>
    </ClCompile>
    <ClCompile Include="..\..\..\source\c\memory\alloc\details\standard_heap\iosys_standard_heap.c">
      <Filter>Source Files\alloc\details\standard_heap</Filter>
    </ClCompile>
    <ClCompile Include="..\..\..\source\c\memory\alloc\standard_library\standard_heap.c">
      <Filter>Source Files\alloc\standard_library</Filter>
    </ClCompile>
    <ClCompile Include="..\..\..\source\c\memory\alloc\standard_library\standard_aligned_heap.c">
      <Filter>Source Files\alloc\standard_library</Filter>
    </ClCompile>
  </ItemGroup>
</Project>