<?xml version="1.0" encoding="utf-8"?>
<Project ToolsVersion="4.0" xmlns="http://schemas.microsoft.com/developer/msbuild/2003">
  <ItemGroup>
    <Filter Include="Source Files">
      <UniqueIdentifier>{4FC737F1-C7A5-4376-A066-2A32D752A2FF}</UniqueIdentifier>
      <Extensions>cpp;c;cc;cxx;c++;cppm;ixx;def;odl;idl;hpj;bat;asm;asmx</Extensions>
    </Filter>
    <Filter Include="Header Files">
      <UniqueIdentifier>{93995380-89BD-4b04-88EB-625FBE52EBFB}</UniqueIdentifier>
      <Extensions>h;hh;hpp;hxx;h++;hm;inl;inc;ipp;xsd</Extensions>
    </Filter>
    <Filter Include="Resource Files">
      <UniqueIdentifier>{67DA6AB6-F800-4c08-8B7A-83BB121AAD01}</UniqueIdentifier>
      <Extensions>rc;ico;cur;bmp;dlg;rc2;rct;bin;rgs;gif;jpg;jpeg;jpe;resx;tiff;tif;png;wav;mfcribbon-ms</Extensions>
    </Filter>
    <Filter Include="Header Files\details">
      <UniqueIdentifier>{6d757c87-8c6c-4d9c-9b43-5a5aaf1a52ef}</UniqueIdentifier>
    </Filter>
    <Filter Include="Source Files\details">
      <UniqueIdentifier>{4e7eadef-f068-4dd5-92ae-c3ab222db8f2}</UniqueIdentifier>
    </Filter>
    <Filter Include="Header Files\details\native">
      <UniqueIdentifier>{526c03cb-b4fb-4cf7-b45e-f91240370aad}</UniqueIdentifier>
    </Filter>
    <Filter Include="Header Files\native">
      <UniqueIdentifier>{98e05922-a260-464c-b6fd-4b5e99cb7b6b}</UniqueIdentifier>
    </Filter>
    <Filter Include="Source Files\details\native">
      <UniqueIdentifier>{52d00661-6061-40f6-98a3-77d9c4309707}</UniqueIdentifier>
    </Filter>
    <Filter Include="Source Files\native">
      <UniqueIdentifier>{939c29c6-ccb8-4f41-b5b6-1b4647bbfdfe}</UniqueIdentifier>
    </Filter>
    <Filter Include="Header Files\details\native\vectorized_io">
      <UniqueIdentifier>{338cf40a-7bd5-4e6c-86cd-38964d1d7a15}</UniqueIdentifier>
    </Filter>
    <Filter Include="Source Files\details\native\vectorized_io">
      <UniqueIdentifier>{c38f5e04-44ba-4816-a016-6527e2b6f908}</UniqueIdentifier>
    </Filter>
    <Filter Include="Header Files\native\vectorized_io">
      <UniqueIdentifier>{846af4d3-334d-40c8-8090-92aa004a3735}</UniqueIdentifier>
    </Filter>
    <Filter Include="Source Files\native\vectorized_io">
      <UniqueIdentifier>{4a4b0965-0bba-4574-a223-6446529bf64b}</UniqueIdentifier>
    </Filter>
  </ItemGroup>
  <ItemGroup>
    <ClCompile Include="..\..\..\source\c\file\details\native\iosys_file_native_manip.c">
      <Filter>Source Files\details\native</Filter>
    </ClCompile>
    <ClCompile Include="..\..\..\source\c\file\native\native_manip.c">
      <Filter>Source Files\native</Filter>
    </ClCompile>
    <ClCompile Include="..\..\..\source\c\file\details\native\vectorized_io\iosys_file_native_vector_init.c">
      <Filter>Source Files\details\native\vectorized_io</Filter>
    </ClCompile>
    <ClCompile Include="..\..\..\source\c\file\details\native\vectorized_io\iosys_file_native_vector_manip.c">
      <Filter>Source Files\details\native\vectorized_io</Filter>
    </ClCompile>
    <ClCompile Include="..\..\..\source\c\file\details\native\iosys_file_native_io.c">
      <Filter>Source Files\details\native</Filter>
    </ClCompile>
    <ClCompile Include="..\..\..\source\c\file\details\native\iosys_file_native_init.c">
      <Filter>Source Files\details\native</Filter>
    </ClCompile>
    <ClCompile Include="..\..\..\source\c\file\native\native_init.c">
      <Filter>Source Files\native</Filter>
    </ClCompile>
    <ClCompile Include="..\..\..\source\c\file\details\native\vectorized_io\iosys_file_native_vector_io.c">
      <Filter>Source Files\details\native\vectorized_io</Filter>
    </ClCompile>
    <ClCompile Include="..\..\..\source\c\file\native\native_io.c">
      <Filter>Source Files\native</Filter>
    </ClCompile>
    <ClCompile Include="..\..\..\source\c\file\native\vectorized_io\native_vectorized_init.c">
      <Filter>Source Files\native\vectorized_io</Filter>
    </ClCompile>
    <ClCompile Include="..\..\..\source\c\file\native\vectorized_io\native_vectorized_manip.c">
      <Filter>Source Files\native\vectorized_io</Filter>
    </ClCompile>
  </ItemGroup>
  <ItemGroup>
    <ClInclude Include="..\..\..\include\io_system\file\details\native\iosys_file_native.h">
      <Filter>Header Files\details\native</Filter>
    </ClInclude>
    <ClInclude Include="..\..\..\include\io_system\file\native\native.h">
      <Filter>Header Files\native</Filter>
    </ClInclude>
    <ClInclude Include="..\..\..\include\io_system\file\details\native\iosys_file_native_type.h">
      <Filter>Header Files\details\native</Filter>
    </ClInclude>
    <ClInclude Include="..\..\..\include\io_system\file\details\native\vectorized_io\iosys_file_native_vector_init.h">
      <Filter>Header Files\details\native\vectorized_io</Filter>
    </ClInclude>
    <ClInclude Include="..\..\..\include\io_system\file\details\native\vectorized_io\iosys_file_native_vector_manip.h">
      <Filter>Header Files\details\native\vectorized_io</Filter>
    </ClInclude>
    <ClInclude Include="..\..\..\include\io_system\file\native\native_init.h">
      <Filter>Header Files\native</Filter>
    </ClInclude>
    <ClInclude Include="..\..\..\include\io_system\file\native\native_io.h">
      <Filter>Header Files\native</Filter>
    </ClInclude>
    <ClInclude Include="..\..\..\include\io_system\file\native\native_manip.h">
      <Filter>Header Files\native</Filter>
    </ClInclude>
    <ClInclude Include="..\..\..\include\io_system\file\file_io_system.h">
      <Filter>Header Files</Filter>
    </ClInclude>
    <ClInclude Include="..\..\..\include\io_system\file\details\native\iosys_file_native_io.h">
      <Filter>Header Files\details\native</Filter>
    </ClInclude>
    <ClInclude Include="..\..\..\include\io_system\file\details\native\iosys_file_native_manip.h">
      <Filter>Header Files\details\native</Filter>
    </ClInclude>
    <ClInclude Include="..\..\..\include\io_system\file\details\native\vectorized_io\iosys_file_native_vector_io.h">
      <Filter>Header Files\details\native\vectorized_io</Filter>
    </ClInclude>
    <ClInclude Include="..\..\..\include\io_system\file\details\native\iosys_file_native_init.h">
      <Filter>Header Files\details\native</Filter>
    </ClInclude>
    <ClInclude Include="..\..\..\include\io_system\file\native\vectorized_io\native_vectorized_init.h">
      <Filter>Header Files\native\vectorized_io</Filter>
    </ClInclude>
    <ClInclude Include="..\..\..\include\io_system\file\native\vectorized_io\native_vectorized_manip.h">
      <Filter>Header Files\native\vectorized_io</Filter>
    </ClInclude>
    <ClInclude Include="..\..\..\include\io_system\file\native\vectorized_io\native_vectorized_io.h">
      <Filter>Header Files\native\vectorized_io</Filter>
    </ClInclude>
  </ItemGroup>
</Project>