
Microsoft Visual Studio Solution File, Format Version 12.00
# Visual Studio Version 17
VisualStudioVersion = 17.2.32516.85
MinimumVisualStudioVersion = 10.0.40219.1
Project("{8BC9CEB8-8B4A-11D0-8D11-00A0C91BC942}") = "sched-file", "sched-file\sched-file.vcxproj", "{BF0FB788-503A-4ECC-B955-61D9DFA787C8}"
EndProject
Project("{8BC9CEB8-8B4A-11D0-8D11-00A0C91BC942}") = "sched-file-cpp", "sched-file-cpp\sched-file-cpp.vcxproj", "{783DC074-0A10-4470-BF77-4E90617CC633}"
EndProject
Global
	GlobalSection(SolutionConfigurationPlatforms) = preSolution
		Debug|x64 = Debug|x64
		Debug|x86 = Debug|x86
		Release|x64 = Release|x64
		Release|x86 = Release|x86
	EndGlobalSection
	GlobalSection(ProjectConfigurationPlatforms) = postSolution
		{BF0FB788-503A-4ECC-B955-61D9DFA787C8}.Debug|x64.ActiveCfg = Debug|x64
		{BF0FB788-503A-4ECC-B955-61D9DFA787C8}.Debug|x64.Build.0 = Debug|x64
		{BF0FB788-503A-4ECC-B955-61D9DFA787C8}.Debug|x86.ActiveCfg = Debug|Win32
		{BF0FB788-503A-4ECC-B955-61D9DFA787C8}.Debug|x86.Build.0 = Debug|Win32
		{BF0FB788-503A-4ECC-B955-61D9DFA787C8}.Release|x64.ActiveCfg = Release|x64
		{BF0FB788-503A-4ECC-B955-61D9DFA787C8}.Release|x64.Build.0 = Release|x64
		{BF0FB788-503A-4ECC-B955-61D9DFA787C8}.Release|x86.ActiveCfg = Release|Win32
		{BF0FB788-503A-4ECC-B955-61D9DFA787C8}.Release|x86.Build.0 = Release|Win32
		{783DC074-0A10-4470-BF77-4E90617CC633}.Debug|x64.ActiveCfg = Debug|x64
		{783DC074-0A10-4470-BF77-4E90617CC633}.Debug|x64.Build.0 = Debug|x64
		{783DC074-0A10-4470-BF77-4E90617CC633}.Debug|x86.ActiveCfg = Debug|Win32
		{783DC074-0A10-4470-BF77-4E90617CC633}.Debug|x86.Build.0 = Debug|Win32
		{783DC074-0A10-4470-BF77-4E90617CC633}.Release|x64.ActiveCfg = Release|x64
		{783DC074-0A10-4470-BF77-4E90617CC633}.Release|x64.Build.0 = Release|x64
		{783DC074-0A10-4470-BF77-4E90617CC633}.Release|x86.ActiveCfg = Release|Win32
		{783DC074-0A10-4470-BF77-4E90617CC633}.Release|x86.Build.0 = Release|Win32
	EndGlobalSection
	GlobalSection(SolutionProperties) = preSolution
		HideSolutionNode = FALSE
	EndGlobalSection
	GlobalSection(ExtensibilityGlobals) = postSolution
		SolutionGuid = {F00B26D0-D78B-4631-AB66-9CB4AE281EC8}
	EndGlobalSection
EndGlobal
